
Microsoft Visual Studio Solution File, Format Version 12.00
# Visual Studio Version 17
VisualStudioVersion = 17.9.34902.65
MinimumVisualStudioVersion = 10.0.40219.1
Project("{FAE04EC0-301F-11D3-BF4B-00C04F79EFBC}") = "az-104-app-getImage", "az-104-app-getImage\az-104-app-getImage.csproj", "{D34941B1-C129-4D7C-9B1C-106871CE6809}"
EndProject
Global
	GlobalSection(SolutionConfigurationPlatforms) = preSolution
		Debug|Any CPU = Debug|Any CPU
		Release|Any CPU = Release|Any CPU
	EndGlobalSection
	GlobalSection(ProjectConfigurationPlatforms) = postSolution
		{D34941B1-C129-4D7C-9B1C-106871CE6809}.Debug|Any CPU.ActiveCfg = Debug|Any CPU
		{D34941B1-C129-4D7C-9B1C-106871CE6809}.Debug|Any CPU.Build.0 = Debug|Any CPU
		{D34941B1-C129-4D7C-9B1C-106871CE6809}.Release|Any CPU.ActiveCfg = Release|Any CPU
		{D34941B1-C129-4D7C-9B1C-106871CE6809}.Release|Any CPU.Build.0 = Release|Any CPU
	EndGlobalSection
	GlobalSection(SolutionProperties) = preSolution
		HideSolutionNode = FALSE
	EndGlobalSection
	GlobalSection(ExtensibilityGlobals) = postSolution
		SolutionGuid = {90D978BD-1A28-4121-92E6-219444838132}
	EndGlobalSection
EndGlobal
